
Microsoft Visual Studio Solution File, Format Version 12.00
# Visual Studio Version 16
VisualStudioVersion = 16.0.29613.14
MinimumVisualStudioVersion = 10.0.40219.1
Project("{FAE04EC0-301F-11D3-BF4B-00C04F79EFBC}") = "CourseLibrary.API", "CourseLibrary.API\CourseLibrary.API.csproj", "{8DA2A7C5-10EF-4784-9D9A-B830EB452BFC}"
EndProject
Project("{FAE04EC0-301F-11D3-BF4B-00C04F79EFBC}") = "CourseLibrary.Domain", "CourseLibrary.Domain\CourseLibrary.Domain.csproj", "{DC230A54-5EEA-4D77-8D0F-CB3908711BB6}"
EndProject
Project("{FAE04EC0-301F-11D3-BF4B-00C04F79EFBC}") = "CourseLibrary.Persistence.EFCore", "CourseLibrary.Persistence\CourseLibrary.Persistence.EFCore.csproj", "{037EB9AA-422F-4CE0-96A9-4D0D5D5F5540}"
EndProject
Project("{FAE04EC0-301F-11D3-BF4B-00C04F79EFBC}") = "CourseLibrary.Services", "CourseLibrary.Application\CourseLibrary.Services.csproj", "{4BDA02F0-8158-45BD-963F-5C22760836B2}"
EndProject
Global
	GlobalSection(SolutionConfigurationPlatforms) = preSolution
		Debug|Any CPU = Debug|Any CPU
		Release|Any CPU = Release|Any CPU
	EndGlobalSection
	GlobalSection(ProjectConfigurationPlatforms) = postSolution
		{8DA2A7C5-10EF-4784-9D9A-B830EB452BFC}.Debug|Any CPU.ActiveCfg = Debug|Any CPU
		{8DA2A7C5-10EF-4784-9D9A-B830EB452BFC}.Debug|Any CPU.Build.0 = Debug|Any CPU
		{8DA2A7C5-10EF-4784-9D9A-B830EB452BFC}.Release|Any CPU.ActiveCfg = Release|Any CPU
		{8DA2A7C5-10EF-4784-9D9A-B830EB452BFC}.Release|Any CPU.Build.0 = Release|Any CPU
		{DC230A54-5EEA-4D77-8D0F-CB3908711BB6}.Debug|Any CPU.ActiveCfg = Debug|Any CPU
		{DC230A54-5EEA-4D77-8D0F-CB3908711BB6}.Debug|Any CPU.Build.0 = Debug|Any CPU
		{DC230A54-5EEA-4D77-8D0F-CB3908711BB6}.Release|Any CPU.ActiveCfg = Release|Any CPU
		{DC230A54-5EEA-4D77-8D0F-CB3908711BB6}.Release|Any CPU.Build.0 = Release|Any CPU
		{037EB9AA-422F-4CE0-96A9-4D0D5D5F5540}.Debug|Any CPU.ActiveCfg = Debug|Any CPU
		{037EB9AA-422F-4CE0-96A9-4D0D5D5F5540}.Debug|Any CPU.Build.0 = Debug|Any CPU
		{037EB9AA-422F-4CE0-96A9-4D0D5D5F5540}.Release|Any CPU.ActiveCfg = Release|Any CPU
		{037EB9AA-422F-4CE0-96A9-4D0D5D5F5540}.Release|Any CPU.Build.0 = Release|Any CPU
		{4BDA02F0-8158-45BD-963F-5C22760836B2}.Debug|Any CPU.ActiveCfg = Debug|Any CPU
		{4BDA02F0-8158-45BD-963F-5C22760836B2}.Debug|Any CPU.Build.0 = Debug|Any CPU
		{4BDA02F0-8158-45BD-963F-5C22760836B2}.Release|Any CPU.ActiveCfg = Release|Any CPU
		{4BDA02F0-8158-45BD-963F-5C22760836B2}.Release|Any CPU.Build.0 = Release|Any CPU
	EndGlobalSection
	GlobalSection(SolutionProperties) = preSolution
		HideSolutionNode = FALSE
	EndGlobalSection
	GlobalSection(ExtensibilityGlobals) = postSolution
		SolutionGuid = {F6447452-E706-4773-81D4-7EA146812E7C}
	EndGlobalSection
EndGlobal
